
Microsoft Visual Studio Solution File, Format Version 12.00
# Visual Studio Version 17
VisualStudioVersion = 17.7.34003.232
MinimumVisualStudioVersion = 10.0.40219.1
Project("{9A19103F-16F7-4668-BE54-9A1E7A4F7556}") = "KampIntro", "KampIntro\KampIntro.csproj", "{CE997E28-36F2-4887-9C9A-13DCFDB04E7D}"
EndProject
Project("{9A19103F-16F7-4668-BE54-9A1E7A4F7556}") = "Donguler", "Donguler\Donguler.csproj", "{28CDF4DA-233D-4647-8BCF-9B091F3C51B7}"
EndProject
Project("{9A19103F-16F7-4668-BE54-9A1E7A4F7556}") = "ClassIntro", "ClassIntro\ClassIntro.csproj", "{2C715FF9-1CA8-4B8B-8E5B-893E2096C166}"
EndProject
Project("{FAE04EC0-301F-11D3-BF4B-00C04F79EFBC}") = "Methodlar", "Methodlar\Methodlar.csproj", "{6BA953D7-2C1F-45CF-8D82-0500D2E83045}"
EndProject
Project("{FAE04EC0-301F-11D3-BF4B-00C04F79EFBC}") = "Matematik", "Matematik\Matematik.csproj", "{CD1E6903-C403-4BFC-85E4-653B796B9803}"
EndProject
Project("{FAE04EC0-301F-11D3-BF4B-00C04F79EFBC}") = "DegerVeRefaransTipler", "DegerVeRefaransTipler\DegerVeRefaransTipler.csproj", "{34A2CC8E-73E5-414A-A90E-A7CA6BA43D89}"
EndProject
Global
	GlobalSection(SolutionConfigurationPlatforms) = preSolution
		Debug|Any CPU = Debug|Any CPU
		Release|Any CPU = Release|Any CPU
	EndGlobalSection
	GlobalSection(ProjectConfigurationPlatforms) = postSolution
		{CE997E28-36F2-4887-9C9A-13DCFDB04E7D}.Debug|Any CPU.ActiveCfg = Debug|Any CPU
		{CE997E28-36F2-4887-9C9A-13DCFDB04E7D}.Debug|Any CPU.Build.0 = Debug|Any CPU
		{CE997E28-36F2-4887-9C9A-13DCFDB04E7D}.Release|Any CPU.ActiveCfg = Release|Any CPU
		{CE997E28-36F2-4887-9C9A-13DCFDB04E7D}.Release|Any CPU.Build.0 = Release|Any CPU
		{28CDF4DA-233D-4647-8BCF-9B091F3C51B7}.Debug|Any CPU.ActiveCfg = Debug|Any CPU
		{28CDF4DA-233D-4647-8BCF-9B091F3C51B7}.Debug|Any CPU.Build.0 = Debug|Any CPU
		{28CDF4DA-233D-4647-8BCF-9B091F3C51B7}.Release|Any CPU.ActiveCfg = Release|Any CPU
		{28CDF4DA-233D-4647-8BCF-9B091F3C51B7}.Release|Any CPU.Build.0 = Release|Any CPU
		{2C715FF9-1CA8-4B8B-8E5B-893E2096C166}.Debug|Any CPU.ActiveCfg = Debug|Any CPU
		{2C715FF9-1CA8-4B8B-8E5B-893E2096C166}.Debug|Any CPU.Build.0 = Debug|Any CPU
		{2C715FF9-1CA8-4B8B-8E5B-893E2096C166}.Release|Any CPU.ActiveCfg = Release|Any CPU
		{2C715FF9-1CA8-4B8B-8E5B-893E2096C166}.Release|Any CPU.Build.0 = Release|Any CPU
		{6BA953D7-2C1F-45CF-8D82-0500D2E83045}.Debug|Any CPU.ActiveCfg = Debug|Any CPU
		{6BA953D7-2C1F-45CF-8D82-0500D2E83045}.Debug|Any CPU.Build.0 = Debug|Any CPU
		{6BA953D7-2C1F-45CF-8D82-0500D2E83045}.Release|Any CPU.ActiveCfg = Release|Any CPU
		{6BA953D7-2C1F-45CF-8D82-0500D2E83045}.Release|Any CPU.Build.0 = Release|Any CPU
		{CD1E6903-C403-4BFC-85E4-653B796B9803}.Debug|Any CPU.ActiveCfg = Debug|Any CPU
		{CD1E6903-C403-4BFC-85E4-653B796B9803}.Debug|Any CPU.Build.0 = Debug|Any CPU
		{CD1E6903-C403-4BFC-85E4-653B796B9803}.Release|Any CPU.ActiveCfg = Release|Any CPU
		{CD1E6903-C403-4BFC-85E4-653B796B9803}.Release|Any CPU.Build.0 = Release|Any CPU
		{34A2CC8E-73E5-414A-A90E-A7CA6BA43D89}.Debug|Any CPU.ActiveCfg = Debug|Any CPU
		{34A2CC8E-73E5-414A-A90E-A7CA6BA43D89}.Debug|Any CPU.Build.0 = Debug|Any CPU
		{34A2CC8E-73E5-414A-A90E-A7CA6BA43D89}.Release|Any CPU.ActiveCfg = Release|Any CPU
		{34A2CC8E-73E5-414A-A90E-A7CA6BA43D89}.Release|Any CPU.Build.0 = Release|Any CPU
	EndGlobalSection
	GlobalSection(SolutionProperties) = preSolution
		HideSolutionNode = FALSE
	EndGlobalSection
	GlobalSection(ExtensibilityGlobals) = postSolution
		SolutionGuid = {3478DC88-F92D-41FA-9C40-398F5B734819}
	EndGlobalSection
EndGlobal
